{
  "requires": true,
  "lockfileVersion": 1,
  "dependencies": {
    "@types/gapi": {
      "version": "0.0.39",
      "resolved": "https://registry.npmjs.org/@types/gapi/-/gapi-0.0.39.tgz",
      "integrity": "sha512-R1TZeZbvvbIC60DBJMhuOEivQHzOQtzl3uMDOOENTYQTSSDB6oEMpJo8HVPOTWivdUTbyEcB5qQOVr/JCKRlCQ=="
    },
    "@types/gapi.auth2": {
      "version": "0.0.52",
      "resolved": "https://registry.npmjs.org/@types/gapi.auth2/-/gapi.auth2-0.0.52.tgz",
      "integrity": "sha512-Q9OEsiLXQ3fWv93voIDr4tXpiO0zNFx2RPK+9wj21LY3ydyx/CtoXQgbf+6iNSTuyHUDF4J/c74maKghtPbbaA==",
      "requires": {
        "@types/gapi": "*"
      }
    },
    "vue-gapi": {
      "version": "1.1.0",
      "resolved": "https://registry.npmjs.org/vue-gapi/-/vue-gapi-1.1.0.tgz",
      "integrity": "sha512-/s5eZmIM4FUpuOT7Qk/T/mIeB22Vd+HEP5tFauGbXbIb8h+MvBJRoyHXVd7HNcwe/dh+b7hHeWN2aFDGph1uCQ==",
      "requires": {
        "@types/gapi": "0.0.39",
        "@types/gapi.auth2": "0.0.52"
      }
    }
  }
}
